{
  "name": "source",
  "lockfileVersion": 3,
  "requires": true,
  "packages": {
    "": {
      "dependencies": {
        "codemirror-theme-vars": "^0.1.2",
        "prism-theme-vars": "^0.2.5"
      }
    },
    "node_modules/codemirror-theme-vars": {
      "version": "0.1.2",
      "resolved": "https://registry.npmjs.org/codemirror-theme-vars/-/codemirror-theme-vars-0.1.2.tgz",
      "integrity": "sha512-WTau8X2q58b0SOAY9DO+iQVw8JKVEgyQIqArp2D732tcc+pobbMta3bnVMdQdmgwuvNrOFFr6HoxPRoQOgooFA==",
      "license": "MIT",
      "funding": {
        "url": "https://github.com/sponsors/antfu"
      }
    },
    "node_modules/prism-theme-vars": {
      "version": "0.2.5",
      "resolved": "https://registry.npmjs.org/prism-theme-vars/-/prism-theme-vars-0.2.5.tgz",
      "integrity": "sha512-/D8gBTScYzi9afwE6v3TC1U/1YFZ6k+ly17mtVRdLpGy7E79YjJJWkXFgUDHJ2gDksV/ZnXF7ydJ4TvoDm2z/Q==",
      "license": "MIT",
      "funding": {
        "url": "https://github.com/sponsors/antfu"
      }
    }
  }
}
